
Microsoft Visual Studio Solution File, Format Version 12.00
# Visual Studio Version 16
VisualStudioVersion = 16.0.31605.320
MinimumVisualStudioVersion = 10.0.40219.1
Project("{FAE04EC0-301F-11D3-BF4B-00C04F79EFBC}") = "Szabó.Roland_SakkMatt", "Szabó.Roland_SakkMatt\Szabó.Roland_SakkMatt.csproj", "{55B65000-3FBC-46AD-8939-39BEDADF4DDB}"
EndProject
Global
	GlobalSection(SolutionConfigurationPlatforms) = preSolution
		Debug|Any CPU = Debug|Any CPU
		Release|Any CPU = Release|Any CPU
	EndGlobalSection
	GlobalSection(ProjectConfigurationPlatforms) = postSolution
		{55B65000-3FBC-46AD-8939-39BEDADF4DDB}.Debug|Any CPU.ActiveCfg = Debug|Any CPU
		{55B65000-3FBC-46AD-8939-39BEDADF4DDB}.Debug|Any CPU.Build.0 = Debug|Any CPU
		{55B65000-3FBC-46AD-8939-39BEDADF4DDB}.Release|Any CPU.ActiveCfg = Release|Any CPU
		{55B65000-3FBC-46AD-8939-39BEDADF4DDB}.Release|Any CPU.Build.0 = Release|Any CPU
	EndGlobalSection
	GlobalSection(SolutionProperties) = preSolution
		HideSolutionNode = FALSE
	EndGlobalSection
	GlobalSection(ExtensibilityGlobals) = postSolution
		SolutionGuid = {13D1D4B8-D9E9-4814-86E9-3F1CA7010A3F}
	EndGlobalSection
EndGlobal
